
Microsoft Visual Studio Solution File, Format Version 12.00
# Visual Studio 15
VisualStudioVersion = 15.0.27703.1
MinimumVisualStudioVersion = 10.0.40219.1
Project("{159641D6-6404-4A2A-AE62-294DE0FE8301}") = "Integration Services Project2", "Integration Services Project2\Integration Services Project2.dtproj", "{CADBEEF9-DD36-4884-B463-44A53A6CB0C3}"
EndProject
Global
	GlobalSection(SolutionConfigurationPlatforms) = preSolution
		Development|Default = Development|Default
	EndGlobalSection
	GlobalSection(ProjectConfigurationPlatforms) = postSolution
		{CADBEEF9-DD36-4884-B463-44A53A6CB0C3}.Development|Default.ActiveCfg = Development
		{CADBEEF9-DD36-4884-B463-44A53A6CB0C3}.Development|Default.Build.0 = Development
	EndGlobalSection
	GlobalSection(SolutionProperties) = preSolution
		HideSolutionNode = FALSE
	EndGlobalSection
	GlobalSection(ExtensibilityGlobals) = postSolution
		SolutionGuid = {68A3BFAF-DF38-4563-8C96-880D31014632}
	EndGlobalSection
EndGlobal
