
Microsoft Visual Studio Solution File, Format Version 12.00
# Visual Studio 15
VisualStudioVersion = 15.0.27703.2035
MinimumVisualStudioVersion = 10.0.40219.1
Project("{D2ABAB84-BF74-430A-B69E-9DC6D40DDA17}") = "northwind-cube", "northwind-cube\northwind-cube.dwproj", "{51E51303-CDC2-4F09-9E91-31E117B74348}"
EndProject
Global
	GlobalSection(SolutionConfigurationPlatforms) = preSolution
		Development|Default = Development|Default
	EndGlobalSection
	GlobalSection(ProjectConfigurationPlatforms) = postSolution
		{51E51303-CDC2-4F09-9E91-31E117B74348}.Development|Default.ActiveCfg = Development
		{51E51303-CDC2-4F09-9E91-31E117B74348}.Development|Default.Build.0 = Development
		{51E51303-CDC2-4F09-9E91-31E117B74348}.Development|Default.Deploy.0 = Development
	EndGlobalSection
	GlobalSection(SolutionProperties) = preSolution
		HideSolutionNode = FALSE
	EndGlobalSection
	GlobalSection(ExtensibilityGlobals) = postSolution
		SolutionGuid = {330B476E-F656-4EEA-B919-0E23D4BFF3A1}
	EndGlobalSection
EndGlobal
